
Microsoft Visual Studio Solution File, Format Version 12.00
# Visual Studio 15
VisualStudioVersion = 15.0.28307.271
MinimumVisualStudioVersion = 10.0.40219.1
Project("{8BC9CEB8-8B4A-11D0-8D11-00A0C91BC942}") = "UL-TinyRenderer", "UL-TinyRenderer\UL-TinyRenderer.vcxproj", "{6013C52B-4413-417C-9D64-74CF942123A8}"
EndProject
Global
	GlobalSection(SolutionConfigurationPlatforms) = preSolution
		Debug|x64 = Debug|x64
		Debug|x86 = Debug|x86
		Release|x64 = Release|x64
		Release|x86 = Release|x86
	EndGlobalSection
	GlobalSection(ProjectConfigurationPlatforms) = postSolution
		{6013C52B-4413-417C-9D64-74CF942123A8}.Debug|x64.ActiveCfg = Debug|x64
		{6013C52B-4413-417C-9D64-74CF942123A8}.Debug|x64.Build.0 = Debug|x64
		{6013C52B-4413-417C-9D64-74CF942123A8}.Debug|x86.ActiveCfg = Debug|Win32
		{6013C52B-4413-417C-9D64-74CF942123A8}.Debug|x86.Build.0 = Debug|Win32
		{6013C52B-4413-417C-9D64-74CF942123A8}.Release|x64.ActiveCfg = Release|x64
		{6013C52B-4413-417C-9D64-74CF942123A8}.Release|x64.Build.0 = Release|x64
		{6013C52B-4413-417C-9D64-74CF942123A8}.Release|x86.ActiveCfg = Release|Win32
		{6013C52B-4413-417C-9D64-74CF942123A8}.Release|x86.Build.0 = Release|Win32
	EndGlobalSection
	GlobalSection(SolutionProperties) = preSolution
		HideSolutionNode = FALSE
	EndGlobalSection
	GlobalSection(ExtensibilityGlobals) = postSolution
		SolutionGuid = {6FFA5327-516A-4D2A-9328-D80B64D80C67}
	EndGlobalSection
EndGlobal
